
Microsoft Visual Studio Solution File, Format Version 12.00
Project("{FAE04EC0-301F-11D3-BF4B-00C04F79EFBC}") = "tpmodul2_2311104072", "02_Pengenalan_IDE_dan_Pemrograman_CSharp\TP\tpmodul2_2311104072.csproj", "{EEC1D48D-8544-42E5-A852-F31439D8A8D2}"
EndProject
Project("{FAE04EC0-301F-11D3-BF4B-00C04F79EFBC}") = "tpmodul3_2311104072", "03_GUI_Builder_and_GitHub\TP\tpmodul3_2311104072.csproj", "{B43448E8-9745-4E78-9DCB-E54C4BA30599}"
EndProject
Project("{FAE04EC0-301F-11D3-BF4B-00C04F79EFBC}") = "tpmodul4_2311104072", "04_Automata_and_Table-Driven_Construction\TP\tpmodul4_2311104072.csproj", "{D487B120-404A-44C7-B000-08C52E375D47}"
EndProject
Project("{FAE04EC0-301F-11D3-BF4B-00C04F79EFBC}") = "tpmodul5_2311104072", "05_Generics\TP\tpmodul5_2311104072.csproj", "{BDCFEA82-D832-4BC4-9F4F-D94D059AED4C}"
EndProject
Project("{FAE04EC0-301F-11D3-BF4B-00C04F79EFBC}") = "jmmodul2_2311104072", "02_Pengenalan_IDE_dan_Pemrograman_CSharp\JM\jmmodul2_2311104072.csproj", "{9179A5BD-4028-4139-A010-2E582A250C73}"
EndProject
Project("{FAE04EC0-301F-11D3-BF4B-00C04F79EFBC}") = "jmmodul3_2311104072", "03_GUI_Builder_and_GitHub\JM\jmmodul3_2311104072.csproj", "{6F2B4C66-C5E6-4943-8443-0F2F990117CA}"
EndProject
Project("{FAE04EC0-301F-11D3-BF4B-00C04F79EFBC}") = "jmmodul4_2311104072", "04_Automata_and_Table-Driven_Construction\JM\jmmodul4_2311104072.csproj", "{CAECCB75-E896-4F8C-A5D8-8CA7F8630C9E}"
EndProject
Project("{FAE04EC0-301F-11D3-BF4B-00C04F79EFBC}") = "jmmodul5_2311104072", "05_Generics\JM\jmmodul5_2311104072.csproj", "{5A0D3F95-6F5C-41B9-835C-40C30DF4A4F6}"
EndProject
Project("{FAE04EC0-301F-11D3-BF4B-00C04F79EFBC}") = "tpmodul6_2311104072", "06_Design_by_Contract_and_Defensive_Programming\TP\tpmodul6_2311104072.csproj", "{3BB3DA5E-B49F-48C3-9681-2C4BCC91D0C4}"
EndProject
Project("{FAE04EC0-301F-11D3-BF4B-00C04F79EFBC}") = "tpmodul8_2311104072", "08_Runtime_Configuration_and_Internalization\TP\tpmodul8_2311104072.csproj", "{0D798D54-5070-4FFA-A0D3-D7B672CB6D9A}"
EndProject
Project("{FAE04EC0-301F-11D3-BF4B-00C04F79EFBC}") = "praktikum8", "08_Runtime_Configuration_and_Internalization\praktikum8\praktikum8.csproj", "{EAC5849D-8BAB-49E4-9A55-D6E0FB3FE0C9}"
EndProject
Project("{FAE04EC0-301F-11D3-BF4B-00C04F79EFBC}") = "tpmodul9_2311104072", "09_API_Design_and_Construction_Swagger\TP\tpmodul9_2311104072.csproj", "{C3CB3499-3B03-4C6C-A51D-BA8D0A2FF1EA}"
EndProject
Global
	GlobalSection(SolutionConfigurationPlatforms) = preSolution
		Debug|Any CPU = Debug|Any CPU
		Release|Any CPU = Release|Any CPU
	EndGlobalSection
	GlobalSection(ProjectConfigurationPlatforms) = postSolution
		{EEC1D48D-8544-42E5-A852-F31439D8A8D2}.Debug|Any CPU.ActiveCfg = Debug|Any CPU
		{EEC1D48D-8544-42E5-A852-F31439D8A8D2}.Debug|Any CPU.Build.0 = Debug|Any CPU
		{EEC1D48D-8544-42E5-A852-F31439D8A8D2}.Release|Any CPU.ActiveCfg = Release|Any CPU
		{EEC1D48D-8544-42E5-A852-F31439D8A8D2}.Release|Any CPU.Build.0 = Release|Any CPU
		{B43448E8-9745-4E78-9DCB-E54C4BA30599}.Debug|Any CPU.ActiveCfg = Debug|Any CPU
		{B43448E8-9745-4E78-9DCB-E54C4BA30599}.Debug|Any CPU.Build.0 = Debug|Any CPU
		{B43448E8-9745-4E78-9DCB-E54C4BA30599}.Release|Any CPU.ActiveCfg = Release|Any CPU
		{B43448E8-9745-4E78-9DCB-E54C4BA30599}.Release|Any CPU.Build.0 = Release|Any CPU
		{D487B120-404A-44C7-B000-08C52E375D47}.Debug|Any CPU.ActiveCfg = Debug|Any CPU
		{D487B120-404A-44C7-B000-08C52E375D47}.Debug|Any CPU.Build.0 = Debug|Any CPU
		{D487B120-404A-44C7-B000-08C52E375D47}.Release|Any CPU.ActiveCfg = Release|Any CPU
		{D487B120-404A-44C7-B000-08C52E375D47}.Release|Any CPU.Build.0 = Release|Any CPU
		{BDCFEA82-D832-4BC4-9F4F-D94D059AED4C}.Debug|Any CPU.ActiveCfg = Debug|Any CPU
		{BDCFEA82-D832-4BC4-9F4F-D94D059AED4C}.Debug|Any CPU.Build.0 = Debug|Any CPU
		{BDCFEA82-D832-4BC4-9F4F-D94D059AED4C}.Release|Any CPU.ActiveCfg = Release|Any CPU
		{BDCFEA82-D832-4BC4-9F4F-D94D059AED4C}.Release|Any CPU.Build.0 = Release|Any CPU
		{9179A5BD-4028-4139-A010-2E582A250C73}.Debug|Any CPU.ActiveCfg = Debug|Any CPU
		{9179A5BD-4028-4139-A010-2E582A250C73}.Debug|Any CPU.Build.0 = Debug|Any CPU
		{9179A5BD-4028-4139-A010-2E582A250C73}.Release|Any CPU.ActiveCfg = Release|Any CPU
		{9179A5BD-4028-4139-A010-2E582A250C73}.Release|Any CPU.Build.0 = Release|Any CPU
		{6F2B4C66-C5E6-4943-8443-0F2F990117CA}.Debug|Any CPU.ActiveCfg = Debug|Any CPU
		{6F2B4C66-C5E6-4943-8443-0F2F990117CA}.Debug|Any CPU.Build.0 = Debug|Any CPU
		{6F2B4C66-C5E6-4943-8443-0F2F990117CA}.Release|Any CPU.ActiveCfg = Release|Any CPU
		{6F2B4C66-C5E6-4943-8443-0F2F990117CA}.Release|Any CPU.Build.0 = Release|Any CPU
		{CAECCB75-E896-4F8C-A5D8-8CA7F8630C9E}.Debug|Any CPU.ActiveCfg = Debug|Any CPU
		{CAECCB75-E896-4F8C-A5D8-8CA7F8630C9E}.Debug|Any CPU.Build.0 = Debug|Any CPU
		{CAECCB75-E896-4F8C-A5D8-8CA7F8630C9E}.Release|Any CPU.ActiveCfg = Release|Any CPU
		{CAECCB75-E896-4F8C-A5D8-8CA7F8630C9E}.Release|Any CPU.Build.0 = Release|Any CPU
		{5A0D3F95-6F5C-41B9-835C-40C30DF4A4F6}.Debug|Any CPU.ActiveCfg = Debug|Any CPU
		{5A0D3F95-6F5C-41B9-835C-40C30DF4A4F6}.Debug|Any CPU.Build.0 = Debug|Any CPU
		{5A0D3F95-6F5C-41B9-835C-40C30DF4A4F6}.Release|Any CPU.ActiveCfg = Release|Any CPU
		{5A0D3F95-6F5C-41B9-835C-40C30DF4A4F6}.Release|Any CPU.Build.0 = Release|Any CPU
		{3BB3DA5E-B49F-48C3-9681-2C4BCC91D0C4}.Debug|Any CPU.ActiveCfg = Debug|Any CPU
		{3BB3DA5E-B49F-48C3-9681-2C4BCC91D0C4}.Debug|Any CPU.Build.0 = Debug|Any CPU
		{3BB3DA5E-B49F-48C3-9681-2C4BCC91D0C4}.Release|Any CPU.ActiveCfg = Release|Any CPU
		{3BB3DA5E-B49F-48C3-9681-2C4BCC91D0C4}.Release|Any CPU.Build.0 = Release|Any CPU
		{0D798D54-5070-4FFA-A0D3-D7B672CB6D9A}.Debug|Any CPU.ActiveCfg = Debug|Any CPU
		{0D798D54-5070-4FFA-A0D3-D7B672CB6D9A}.Debug|Any CPU.Build.0 = Debug|Any CPU
		{0D798D54-5070-4FFA-A0D3-D7B672CB6D9A}.Release|Any CPU.ActiveCfg = Release|Any CPU
		{0D798D54-5070-4FFA-A0D3-D7B672CB6D9A}.Release|Any CPU.Build.0 = Release|Any CPU
		{EAC5849D-8BAB-49E4-9A55-D6E0FB3FE0C9}.Debug|Any CPU.ActiveCfg = Debug|Any CPU
		{EAC5849D-8BAB-49E4-9A55-D6E0FB3FE0C9}.Debug|Any CPU.Build.0 = Debug|Any CPU
		{EAC5849D-8BAB-49E4-9A55-D6E0FB3FE0C9}.Release|Any CPU.ActiveCfg = Release|Any CPU
		{EAC5849D-8BAB-49E4-9A55-D6E0FB3FE0C9}.Release|Any CPU.Build.0 = Release|Any CPU
		{C3CB3499-3B03-4C6C-A51D-BA8D0A2FF1EA}.Debug|Any CPU.ActiveCfg = Debug|Any CPU
		{C3CB3499-3B03-4C6C-A51D-BA8D0A2FF1EA}.Debug|Any CPU.Build.0 = Debug|Any CPU
		{C3CB3499-3B03-4C6C-A51D-BA8D0A2FF1EA}.Release|Any CPU.ActiveCfg = Release|Any CPU
		{C3CB3499-3B03-4C6C-A51D-BA8D0A2FF1EA}.Release|Any CPU.Build.0 = Release|Any CPU
	EndGlobalSection
EndGlobal
