
Microsoft Visual Studio Solution File, Format Version 12.00
# Visual Studio Version 17
VisualStudioVersion = 17.12.35707.178
MinimumVisualStudioVersion = 10.0.40219.1
Project("{FAE04EC0-301F-11D3-BF4B-00C04F79EFBC}") = "tpmodul2_2311104072", "02_Pengenalan_IDE_dan_Pemrograman_CSharp\TP\tpmodul2_2311104072.csproj", "{EEC1D48D-8544-42E5-A852-F31439D8A8D2}"
EndProject
Project("{FAE04EC0-301F-11D3-BF4B-00C04F79EFBC}") = "tpmodul3_2311104072", "03_GUI_Builder_and_GitHub\TP\tpmodul3_2311104072.csproj", "{B43448E8-9745-4E78-9DCB-E54C4BA30599}"
EndProject
Project("{FAE04EC0-301F-11D3-BF4B-00C04F79EFBC}") = "tpmodul4_2311104072", "04_Automata_and_Table-Driven_Construction\TP\tpmodul4_2311104072.csproj", "{D487B120-404A-44C7-B000-08C52E375D47}"
EndProject
Project("{FAE04EC0-301F-11D3-BF4B-00C04F79EFBC}") = "tpmodul5_2311104072", "05_Generics\TP\tpmodul5_2311104072.csproj", "{BDCFEA82-D832-4BC4-9F4F-D94D059AED4C}"
EndProject
Project("{FAE04EC0-301F-11D3-BF4B-00C04F79EFBC}") = "jmmodul2_2311104072", "02_Pengenalan_IDE_dan_Pemrograman_CSharp\JM\jmmodul2_2311104072.csproj", "{9179A5BD-4028-4139-A010-2E582A250C73}"
EndProject
Project("{FAE04EC0-301F-11D3-BF4B-00C04F79EFBC}") = "jmmodul3_2311104072", "03_GUI_Builder_and_GitHub\JM\jmmodul3_2311104072.csproj", "{6F2B4C66-C5E6-4943-8443-0F2F990117CA}"
EndProject
Project("{FAE04EC0-301F-11D3-BF4B-00C04F79EFBC}") = "jmmodul4_2311104072", "04_Automata_and_Table-Driven_Construction\JM\jmmodul4_2311104072.csproj", "{CAECCB75-E896-4F8C-A5D8-8CA7F8630C9E}"
EndProject
Project("{FAE04EC0-301F-11D3-BF4B-00C04F79EFBC}") = "jmmodul5_2311104072", "05_Generics\JM\jmmodul5_2311104072.csproj", "{5A0D3F95-6F5C-41B9-835C-40C30DF4A4F6}"
EndProject
Project("{FAE04EC0-301F-11D3-BF4B-00C04F79EFBC}") = "tpmodul6_2311104072", "06_Design_by_Contract_and_Defensive_Programming\TP\tpmodul6_2311104072.csproj", "{3BB3DA5E-B49F-48C3-9681-2C4BCC91D0C4}"
EndProject
Project("{FAE04EC0-301F-11D3-BF4B-00C04F79EFBC}") = "tpmodul8_2311104072", "08_Runtime_Configuration_and_Internalization\TP\tpmodul8_2311104072.csproj", "{0D798D54-5070-4FFA-A0D3-D7B672CB6D9A}"
EndProject
Project("{FAE04EC0-301F-11D3-BF4B-00C04F79EFBC}") = "praktikum8", "08_Runtime_Configuration_and_Internalization\praktikum8\praktikum8.csproj", "{EAC5849D-8BAB-49E4-9A55-D6E0FB3FE0C9}"
EndProject
Project("{FAE04EC0-301F-11D3-BF4B-00C04F79EFBC}") = "jmmodul6_2311104072", "06_Design_by_Contract_and_Defensive_Programming\JM\jmmodul6_2311104072.csproj", "{112BAEC1-C96C-4A17-9FF0-2C09DA31DE76}"
EndProject
Project("{FAE04EC0-301F-11D3-BF4B-00C04F79EFBC}") = "ClassLibraryProjects", "ClassLibraryProjects\ClassLibraryProjects.csproj", "{479D1A8E-FE9B-40CE-8FE2-B4B055AE8FD7}"
EndProject
Project("{FAE04EC0-301F-11D3-BF4B-00C04F79EFBC}") = "ShowCase", "ShowCase\ShowCase.csproj", "{2D3F3C14-F3B4-4083-9E08-B738891CBBC2}"
EndProject
Project("{FAE04EC0-301F-11D3-BF4B-00C04F79EFBC}") = "tpmodul9_2311104072", "09_API_Design_and_Construction_Swagger\TP\tpmodul9_2311104072.csproj", "{13B2404E-B1B8-4A26-ABA6-522F69D796AD}"
EndProject
Project("{FAE04EC0-301F-11D3-BF4B-00C04F79EFBC}") = "tpmodul10_2311104072", "10_Library_Construction\TP\tpmodul10_2311104072.csproj", "{3753720A-D5C1-46D6-9449-9A91413BD555}"
EndProject
Project("{FAE04EC0-301F-11D3-BF4B-00C04F79EFBC}") = "AlgebraLibrary", "10_Library_Construction\AlgebraLibrary\AlgebraLibrary.csproj", "{96E225C9-82D5-466A-A704-040621682BCF}"
EndProject
Project("{FAE04EC0-301F-11D3-BF4B-00C04F79EFBC}") = "tpmodul12_2311104072", "12_Performance_Analysis_Unit_Testing_and_Debugging\tpmodul12_2311104072\tpmodul12_2311104072.csproj", "{B7685D27-8547-4B7D-88EA-AADBBA792768}"
EndProject
Project("{FAE04EC0-301F-11D3-BF4B-00C04F79EFBC}") = "TestProject-TP", "12_Performance_Analysis_Unit_Testing_and_Debugging\TestProject-TP\TestProject-TP.csproj", "{D5C288FC-C82B-4287-8B23-B98BC5603710}"
EndProject
Project("{FAE04EC0-301F-11D3-BF4B-00C04F79EFBC}") = "praktikum12", "12_Performance_Analysis_Unit_Testing_and_Debugging\praktikum12\praktikum12.csproj", "{02A6F50D-F4FF-4761-A40B-C074A816758A}"
EndProject
Project("{FAE04EC0-301F-11D3-BF4B-00C04F79EFBC}") = "unitTest_Praktikum12", "unitTest_Praktikum12\unitTest_Praktikum12.csproj", "{D54AC4F1-B104-44FE-825D-C0098CCC7857}"
EndProject
Project("{FAE04EC0-301F-11D3-BF4B-00C04F79EFBC}") = "tpmodul13_2311104072", "13_Design_Pattern_Implementation\tpmodul13_2311104072\tpmodul13_2311104072.csproj", "{E7FC0D0F-EE90-41A5-A1CE-9C34FCD73236}"
EndProject
Project("{FAE04EC0-301F-11D3-BF4B-00C04F79EFBC}") = "tpmodul14_2311104072", "14_Clean_Code\tpmodul14_2311104072\tpmodul14_2311104072.csproj", "{0592C5CF-237E-476F-992A-99A480B124BF}"
EndProject
Project("{FAE04EC0-301F-11D3-BF4B-00C04F79EFBC}") = "jmmodul8_2311104072", "08_Runtime_Configuration_and_Internalization\jmmodul8_2311104072\jmmodul8_2311104072.csproj", "{FA76F987-C305-4956-A508-5E2EE880B8C3}"
EndProject
Project("{FAE04EC0-301F-11D3-BF4B-00C04F79EFBC}") = "jmmodul9", "09_API_Design_and_Construction_Swagger\jmmodul9\jmmodul9.csproj", "{E427EADF-81A6-4F03-8621-76A2F8A7D3C7}"
EndProject
Global
	GlobalSection(SolutionConfigurationPlatforms) = preSolution
		Debug|Any CPU = Debug|Any CPU
		Release|Any CPU = Release|Any CPU
	EndGlobalSection
	GlobalSection(ProjectConfigurationPlatforms) = postSolution
		{EEC1D48D-8544-42E5-A852-F31439D8A8D2}.Debug|Any CPU.ActiveCfg = Debug|Any CPU
		{EEC1D48D-8544-42E5-A852-F31439D8A8D2}.Debug|Any CPU.Build.0 = Debug|Any CPU
		{EEC1D48D-8544-42E5-A852-F31439D8A8D2}.Release|Any CPU.ActiveCfg = Release|Any CPU
		{EEC1D48D-8544-42E5-A852-F31439D8A8D2}.Release|Any CPU.Build.0 = Release|Any CPU
		{B43448E8-9745-4E78-9DCB-E54C4BA30599}.Debug|Any CPU.ActiveCfg = Debug|Any CPU
		{B43448E8-9745-4E78-9DCB-E54C4BA30599}.Debug|Any CPU.Build.0 = Debug|Any CPU
		{B43448E8-9745-4E78-9DCB-E54C4BA30599}.Release|Any CPU.ActiveCfg = Release|Any CPU
		{B43448E8-9745-4E78-9DCB-E54C4BA30599}.Release|Any CPU.Build.0 = Release|Any CPU
		{D487B120-404A-44C7-B000-08C52E375D47}.Debug|Any CPU.ActiveCfg = Debug|Any CPU
		{D487B120-404A-44C7-B000-08C52E375D47}.Debug|Any CPU.Build.0 = Debug|Any CPU
		{D487B120-404A-44C7-B000-08C52E375D47}.Release|Any CPU.ActiveCfg = Release|Any CPU
		{D487B120-404A-44C7-B000-08C52E375D47}.Release|Any CPU.Build.0 = Release|Any CPU
		{BDCFEA82-D832-4BC4-9F4F-D94D059AED4C}.Debug|Any CPU.ActiveCfg = Debug|Any CPU
		{BDCFEA82-D832-4BC4-9F4F-D94D059AED4C}.Debug|Any CPU.Build.0 = Debug|Any CPU
		{BDCFEA82-D832-4BC4-9F4F-D94D059AED4C}.Release|Any CPU.ActiveCfg = Release|Any CPU
		{BDCFEA82-D832-4BC4-9F4F-D94D059AED4C}.Release|Any CPU.Build.0 = Release|Any CPU
		{9179A5BD-4028-4139-A010-2E582A250C73}.Debug|Any CPU.ActiveCfg = Debug|Any CPU
		{9179A5BD-4028-4139-A010-2E582A250C73}.Debug|Any CPU.Build.0 = Debug|Any CPU
		{9179A5BD-4028-4139-A010-2E582A250C73}.Release|Any CPU.ActiveCfg = Release|Any CPU
		{9179A5BD-4028-4139-A010-2E582A250C73}.Release|Any CPU.Build.0 = Release|Any CPU
		{6F2B4C66-C5E6-4943-8443-0F2F990117CA}.Debug|Any CPU.ActiveCfg = Debug|Any CPU
		{6F2B4C66-C5E6-4943-8443-0F2F990117CA}.Debug|Any CPU.Build.0 = Debug|Any CPU
		{6F2B4C66-C5E6-4943-8443-0F2F990117CA}.Release|Any CPU.ActiveCfg = Release|Any CPU
		{6F2B4C66-C5E6-4943-8443-0F2F990117CA}.Release|Any CPU.Build.0 = Release|Any CPU
		{CAECCB75-E896-4F8C-A5D8-8CA7F8630C9E}.Debug|Any CPU.ActiveCfg = Debug|Any CPU
		{CAECCB75-E896-4F8C-A5D8-8CA7F8630C9E}.Debug|Any CPU.Build.0 = Debug|Any CPU
		{CAECCB75-E896-4F8C-A5D8-8CA7F8630C9E}.Release|Any CPU.ActiveCfg = Release|Any CPU
		{CAECCB75-E896-4F8C-A5D8-8CA7F8630C9E}.Release|Any CPU.Build.0 = Release|Any CPU
		{5A0D3F95-6F5C-41B9-835C-40C30DF4A4F6}.Debug|Any CPU.ActiveCfg = Debug|Any CPU
		{5A0D3F95-6F5C-41B9-835C-40C30DF4A4F6}.Debug|Any CPU.Build.0 = Debug|Any CPU
		{5A0D3F95-6F5C-41B9-835C-40C30DF4A4F6}.Release|Any CPU.ActiveCfg = Release|Any CPU
		{5A0D3F95-6F5C-41B9-835C-40C30DF4A4F6}.Release|Any CPU.Build.0 = Release|Any CPU
		{3BB3DA5E-B49F-48C3-9681-2C4BCC91D0C4}.Debug|Any CPU.ActiveCfg = Debug|Any CPU
		{3BB3DA5E-B49F-48C3-9681-2C4BCC91D0C4}.Debug|Any CPU.Build.0 = Debug|Any CPU
		{3BB3DA5E-B49F-48C3-9681-2C4BCC91D0C4}.Release|Any CPU.ActiveCfg = Release|Any CPU
		{3BB3DA5E-B49F-48C3-9681-2C4BCC91D0C4}.Release|Any CPU.Build.0 = Release|Any CPU
		{0D798D54-5070-4FFA-A0D3-D7B672CB6D9A}.Debug|Any CPU.ActiveCfg = Debug|Any CPU
		{0D798D54-5070-4FFA-A0D3-D7B672CB6D9A}.Debug|Any CPU.Build.0 = Debug|Any CPU
		{0D798D54-5070-4FFA-A0D3-D7B672CB6D9A}.Release|Any CPU.ActiveCfg = Release|Any CPU
		{0D798D54-5070-4FFA-A0D3-D7B672CB6D9A}.Release|Any CPU.Build.0 = Release|Any CPU
		{EAC5849D-8BAB-49E4-9A55-D6E0FB3FE0C9}.Debug|Any CPU.ActiveCfg = Debug|Any CPU
		{EAC5849D-8BAB-49E4-9A55-D6E0FB3FE0C9}.Debug|Any CPU.Build.0 = Debug|Any CPU
		{EAC5849D-8BAB-49E4-9A55-D6E0FB3FE0C9}.Release|Any CPU.ActiveCfg = Release|Any CPU
		{EAC5849D-8BAB-49E4-9A55-D6E0FB3FE0C9}.Release|Any CPU.Build.0 = Release|Any CPU
		{112BAEC1-C96C-4A17-9FF0-2C09DA31DE76}.Debug|Any CPU.ActiveCfg = Debug|Any CPU
		{112BAEC1-C96C-4A17-9FF0-2C09DA31DE76}.Debug|Any CPU.Build.0 = Debug|Any CPU
		{112BAEC1-C96C-4A17-9FF0-2C09DA31DE76}.Release|Any CPU.ActiveCfg = Release|Any CPU
		{112BAEC1-C96C-4A17-9FF0-2C09DA31DE76}.Release|Any CPU.Build.0 = Release|Any CPU
		{479D1A8E-FE9B-40CE-8FE2-B4B055AE8FD7}.Debug|Any CPU.ActiveCfg = Debug|Any CPU
		{479D1A8E-FE9B-40CE-8FE2-B4B055AE8FD7}.Debug|Any CPU.Build.0 = Debug|Any CPU
		{479D1A8E-FE9B-40CE-8FE2-B4B055AE8FD7}.Release|Any CPU.ActiveCfg = Release|Any CPU
		{479D1A8E-FE9B-40CE-8FE2-B4B055AE8FD7}.Release|Any CPU.Build.0 = Release|Any CPU
		{2D3F3C14-F3B4-4083-9E08-B738891CBBC2}.Debug|Any CPU.ActiveCfg = Debug|Any CPU
		{2D3F3C14-F3B4-4083-9E08-B738891CBBC2}.Debug|Any CPU.Build.0 = Debug|Any CPU
		{2D3F3C14-F3B4-4083-9E08-B738891CBBC2}.Release|Any CPU.ActiveCfg = Release|Any CPU
		{2D3F3C14-F3B4-4083-9E08-B738891CBBC2}.Release|Any CPU.Build.0 = Release|Any CPU
		{13B2404E-B1B8-4A26-ABA6-522F69D796AD}.Debug|Any CPU.ActiveCfg = Debug|Any CPU
		{13B2404E-B1B8-4A26-ABA6-522F69D796AD}.Debug|Any CPU.Build.0 = Debug|Any CPU
		{13B2404E-B1B8-4A26-ABA6-522F69D796AD}.Release|Any CPU.ActiveCfg = Release|Any CPU
		{13B2404E-B1B8-4A26-ABA6-522F69D796AD}.Release|Any CPU.Build.0 = Release|Any CPU
		{3753720A-D5C1-46D6-9449-9A91413BD555}.Debug|Any CPU.ActiveCfg = Debug|Any CPU
		{3753720A-D5C1-46D6-9449-9A91413BD555}.Debug|Any CPU.Build.0 = Debug|Any CPU
		{3753720A-D5C1-46D6-9449-9A91413BD555}.Release|Any CPU.ActiveCfg = Release|Any CPU
		{3753720A-D5C1-46D6-9449-9A91413BD555}.Release|Any CPU.Build.0 = Release|Any CPU
		{96E225C9-82D5-466A-A704-040621682BCF}.Debug|Any CPU.ActiveCfg = Debug|Any CPU
		{96E225C9-82D5-466A-A704-040621682BCF}.Debug|Any CPU.Build.0 = Debug|Any CPU
		{96E225C9-82D5-466A-A704-040621682BCF}.Release|Any CPU.ActiveCfg = Release|Any CPU
		{96E225C9-82D5-466A-A704-040621682BCF}.Release|Any CPU.Build.0 = Release|Any CPU
		{B7685D27-8547-4B7D-88EA-AADBBA792768}.Debug|Any CPU.ActiveCfg = Debug|Any CPU
		{B7685D27-8547-4B7D-88EA-AADBBA792768}.Debug|Any CPU.Build.0 = Debug|Any CPU
		{B7685D27-8547-4B7D-88EA-AADBBA792768}.Release|Any CPU.ActiveCfg = Release|Any CPU
		{B7685D27-8547-4B7D-88EA-AADBBA792768}.Release|Any CPU.Build.0 = Release|Any CPU
		{D5C288FC-C82B-4287-8B23-B98BC5603710}.Debug|Any CPU.ActiveCfg = Debug|Any CPU
		{D5C288FC-C82B-4287-8B23-B98BC5603710}.Debug|Any CPU.Build.0 = Debug|Any CPU
		{D5C288FC-C82B-4287-8B23-B98BC5603710}.Release|Any CPU.ActiveCfg = Release|Any CPU
		{D5C288FC-C82B-4287-8B23-B98BC5603710}.Release|Any CPU.Build.0 = Release|Any CPU
		{02A6F50D-F4FF-4761-A40B-C074A816758A}.Debug|Any CPU.ActiveCfg = Debug|Any CPU
		{02A6F50D-F4FF-4761-A40B-C074A816758A}.Debug|Any CPU.Build.0 = Debug|Any CPU
		{02A6F50D-F4FF-4761-A40B-C074A816758A}.Release|Any CPU.ActiveCfg = Release|Any CPU
		{02A6F50D-F4FF-4761-A40B-C074A816758A}.Release|Any CPU.Build.0 = Release|Any CPU
		{D54AC4F1-B104-44FE-825D-C0098CCC7857}.Debug|Any CPU.ActiveCfg = Debug|Any CPU
		{D54AC4F1-B104-44FE-825D-C0098CCC7857}.Debug|Any CPU.Build.0 = Debug|Any CPU
		{D54AC4F1-B104-44FE-825D-C0098CCC7857}.Release|Any CPU.ActiveCfg = Release|Any CPU
		{D54AC4F1-B104-44FE-825D-C0098CCC7857}.Release|Any CPU.Build.0 = Release|Any CPU
		{E7FC0D0F-EE90-41A5-A1CE-9C34FCD73236}.Debug|Any CPU.ActiveCfg = Debug|Any CPU
		{E7FC0D0F-EE90-41A5-A1CE-9C34FCD73236}.Debug|Any CPU.Build.0 = Debug|Any CPU
		{E7FC0D0F-EE90-41A5-A1CE-9C34FCD73236}.Release|Any CPU.ActiveCfg = Release|Any CPU
		{E7FC0D0F-EE90-41A5-A1CE-9C34FCD73236}.Release|Any CPU.Build.0 = Release|Any CPU
		{0592C5CF-237E-476F-992A-99A480B124BF}.Debug|Any CPU.ActiveCfg = Debug|Any CPU
		{0592C5CF-237E-476F-992A-99A480B124BF}.Debug|Any CPU.Build.0 = Debug|Any CPU
		{0592C5CF-237E-476F-992A-99A480B124BF}.Release|Any CPU.ActiveCfg = Release|Any CPU
		{0592C5CF-237E-476F-992A-99A480B124BF}.Release|Any CPU.Build.0 = Release|Any CPU
		{FA76F987-C305-4956-A508-5E2EE880B8C3}.Debug|Any CPU.ActiveCfg = Debug|Any CPU
		{FA76F987-C305-4956-A508-5E2EE880B8C3}.Debug|Any CPU.Build.0 = Debug|Any CPU
		{FA76F987-C305-4956-A508-5E2EE880B8C3}.Release|Any CPU.ActiveCfg = Release|Any CPU
		{FA76F987-C305-4956-A508-5E2EE880B8C3}.Release|Any CPU.Build.0 = Release|Any CPU
		{E427EADF-81A6-4F03-8621-76A2F8A7D3C7}.Debug|Any CPU.ActiveCfg = Debug|Any CPU
		{E427EADF-81A6-4F03-8621-76A2F8A7D3C7}.Debug|Any CPU.Build.0 = Debug|Any CPU
		{E427EADF-81A6-4F03-8621-76A2F8A7D3C7}.Release|Any CPU.ActiveCfg = Release|Any CPU
		{E427EADF-81A6-4F03-8621-76A2F8A7D3C7}.Release|Any CPU.Build.0 = Release|Any CPU
	EndGlobalSection
	GlobalSection(SolutionProperties) = preSolution
		HideSolutionNode = FALSE
	EndGlobalSection
EndGlobal
